// !$*UTF8*$!
{
	archiveVersion = 1;
	classes = {
	};
	objectVersion = 55;
	objects = {

/* Begin PBXBuildFile section */
		30DE416F50F657EFCA9A6F7A /* Pods_Notedy.framework in Frameworks */ = {isa = PBXBuildFile; fileRef = F49BC5FDABB213C2ABB93A5A /* Pods_Notedy.framework */; };
		8754F9DD289503AB0034920A /* NewActivityViewController.swift in Sources */ = {isa = PBXBuildFile; fileRef = 8754F9DC289503AB0034920A /* NewActivityViewController.swift */; };
		8793E6B5289A3C7A00F4B1C8 /* Activity.swift in Sources */ = {isa = PBXBuildFile; fileRef = 8793E6B4289A3C7A00F4B1C8 /* Activity.swift */; };
		879410292893BEE5007A793D /* AppDelegate.swift in Sources */ = {isa = PBXBuildFile; fileRef = 879410282893BEE5007A793D /* AppDelegate.swift */; };
		8794102B2893BEE5007A793D /* SceneDelegate.swift in Sources */ = {isa = PBXBuildFile; fileRef = 8794102A2893BEE5007A793D /* SceneDelegate.swift */; };
		8794102D2893BEE5007A793D /* HomeViewController.swift in Sources */ = {isa = PBXBuildFile; fileRef = 8794102C2893BEE5007A793D /* HomeViewController.swift */; };
		879410302893BEE5007A793D /* Main.storyboard in Resources */ = {isa = PBXBuildFile; fileRef = 8794102E2893BEE5007A793D /* Main.storyboard */; };
		879410322893BEE6007A793D /* Assets.xcassets in Resources */ = {isa = PBXBuildFile; fileRef = 879410312893BEE6007A793D /* Assets.xcassets */; };
		879410352893BEE6007A793D /* LaunchScreen.storyboard in Resources */ = {isa = PBXBuildFile; fileRef = 879410332893BEE6007A793D /* LaunchScreen.storyboard */; };
		879410412893E278007A793D /* ListActivityViewController.swift in Sources */ = {isa = PBXBuildFile; fileRef = 879410402893E278007A793D /* ListActivityViewController.swift */; };
		87A29568289BD36C003A72DD /* ImformationTableViewCell.swift in Sources */ = {isa = PBXBuildFile; fileRef = 87A29567289BD36C003A72DD /* ImformationTableViewCell.swift */; };
		87AF87F9289E2DE400990C9B /* EditActivityViewController.swift in Sources */ = {isa = PBXBuildFile; fileRef = 87AF87F8289E2DE400990C9B /* EditActivityViewController.swift */; };
/* End PBXBuildFile section */

/* Begin PBXFileReference section */
		12C404EE2114742A101E173E /* Pods-Notedy.release.xcconfig */ = {isa = PBXFileReference; includeInIndex = 1; lastKnownFileType = text.xcconfig; name = "Pods-Notedy.release.xcconfig"; path = "Target Support Files/Pods-Notedy/Pods-Notedy.release.xcconfig"; sourceTree = "<group>"; };
		8754F9DC289503AB0034920A /* NewActivityViewController.swift */ = {isa = PBXFileReference; lastKnownFileType = sourcecode.swift; path = NewActivityViewController.swift; sourceTree = "<group>"; };
		8793E6B4289A3C7A00F4B1C8 /* Activity.swift */ = {isa = PBXFileReference; lastKnownFileType = sourcecode.swift; path = Activity.swift; sourceTree = "<group>"; };
		879410252893BEE5007A793D /* Notedy.app */ = {isa = PBXFileReference; explicitFileType = wrapper.application; includeInIndex = 0; path = Notedy.app; sourceTree = BUILT_PRODUCTS_DIR; };
		879410282893BEE5007A793D /* AppDelegate.swift */ = {isa = PBXFileReference; lastKnownFileType = sourcecode.swift; path = AppDelegate.swift; sourceTree = "<group>"; };
		8794102A2893BEE5007A793D /* SceneDelegate.swift */ = {isa = PBXFileReference; lastKnownFileType = sourcecode.swift; path = SceneDelegate.swift; sourceTree = "<group>"; };
		8794102C2893BEE5007A793D /* HomeViewController.swift */ = {isa = PBXFileReference; lastKnownFileType = sourcecode.swift; path = HomeViewController.swift; sourceTree = "<group>"; };
		8794102F2893BEE5007A793D /* Base */ = {isa = PBXFileReference; lastKnownFileType = file.storyboard; name = Base; path = Base.lproj/Main.storyboard; sourceTree = "<group>"; };
		879410312893BEE6007A793D /* Assets.xcassets */ = {isa = PBXFileReference; lastKnownFileType = folder.assetcatalog; path = Assets.xcassets; sourceTree = "<group>"; };
		879410342893BEE6007A793D /* Base */ = {isa = PBXFileReference; lastKnownFileType = file.storyboard; name = Base; path = Base.lproj/LaunchScreen.storyboard; sourceTree = "<group>"; };
		879410362893BEE6007A793D /* Info.plist */ = {isa = PBXFileReference; lastKnownFileType = text.plist.xml; path = Info.plist; sourceTree = "<group>"; };
		879410402893E278007A793D /* ListActivityViewController.swift */ = {isa = PBXFileReference; lastKnownFileType = sourcecode.swift; path = ListActivityViewController.swift; sourceTree = "<group>"; };
		87A29567289BD36C003A72DD /* ImformationTableViewCell.swift */ = {isa = PBXFileReference; lastKnownFileType = sourcecode.swift; path = ImformationTableViewCell.swift; sourceTree = "<group>"; };
		87AF87F8289E2DE400990C9B /* EditActivityViewController.swift */ = {isa = PBXFileReference; lastKnownFileType = sourcecode.swift; path = EditActivityViewController.swift; sourceTree = "<group>"; };
		B29F3FA5533EC9E1C2FC9FCC /* Pods-Notedy.debug.xcconfig */ = {isa = PBXFileReference; includeInIndex = 1; lastKnownFileType = text.xcconfig; name = "Pods-Notedy.debug.xcconfig"; path = "Target Support Files/Pods-Notedy/Pods-Notedy.debug.xcconfig"; sourceTree = "<group>"; };
		F49BC5FDABB213C2ABB93A5A /* Pods_Notedy.framework */ = {isa = PBXFileReference; explicitFileType = wrapper.framework; includeInIndex = 0; path = Pods_Notedy.framework; sourceTree = BUILT_PRODUCTS_DIR; };
/* End PBXFileReference section */

/* Begin PBXFrameworksBuildPhase section */
		879410222893BEE5007A793D /* Frameworks */ = {
			isa = PBXFrameworksBuildPhase;
			buildActionMask = 2147483647;
			files = (
				30DE416F50F657EFCA9A6F7A /* Pods_Notedy.framework in Frameworks */,
			);
			runOnlyForDeploymentPostprocessing = 0;
		};
/* End PBXFrameworksBuildPhase section */

/* Begin PBXGroup section */
		7CC86D682F1E6EE64A3E847E /* Pods */ = {
			isa = PBXGroup;
			children = (
				B29F3FA5533EC9E1C2FC9FCC /* Pods-Notedy.debug.xcconfig */,
				12C404EE2114742A101E173E /* Pods-Notedy.release.xcconfig */,
			);
			path = Pods;
			sourceTree = "<group>";
		};
		8794101C2893BEE5007A793D = {
			isa = PBXGroup;
			children = (
				879410272893BEE5007A793D /* Notedy */,
				879410262893BEE5007A793D /* Products */,
				7CC86D682F1E6EE64A3E847E /* Pods */,
				97193C6D881440E12B660775 /* Frameworks */,
			);
			sourceTree = "<group>";
		};
		879410262893BEE5007A793D /* Products */ = {
			isa = PBXGroup;
			children = (
				879410252893BEE5007A793D /* Notedy.app */,
			);
			name = Products;
			sourceTree = "<group>";
		};
		879410272893BEE5007A793D /* Notedy */ = {
			isa = PBXGroup;
			children = (
				8794103F2893BF3D007A793D /* Resources */,
				8794103E2893BF20007A793D /* Controllers */,
				8794103D2893BF12007A793D /* Views */,
				8794103C2893BF0B007A793D /* Models */,
				879410362893BEE6007A793D /* Info.plist */,
			);
			path = Notedy;
			sourceTree = "<group>";
		};
		8794103C2893BF0B007A793D /* Models */ = {
			isa = PBXGroup;
			children = (
				8793E6B4289A3C7A00F4B1C8 /* Activity.swift */,
			);
			path = Models;
			sourceTree = "<group>";
		};
		8794103D2893BF12007A793D /* Views */ = {
			isa = PBXGroup;
			children = (
				8794102E2893BEE5007A793D /* Main.storyboard */,
				879410332893BEE6007A793D /* LaunchScreen.storyboard */,
			);
			path = Views;
			sourceTree = "<group>";
		};
		8794103E2893BF20007A793D /* Controllers */ = {
			isa = PBXGroup;
			children = (
				8794102C2893BEE5007A793D /* HomeViewController.swift */,
				879410402893E278007A793D /* ListActivityViewController.swift */,
				8754F9DC289503AB0034920A /* NewActivityViewController.swift */,
				87AF87F8289E2DE400990C9B /* EditActivityViewController.swift */,
				87A29567289BD36C003A72DD /* ImformationTableViewCell.swift */,
			);
			path = Controllers;
			sourceTree = "<group>";
		};
		8794103F2893BF3D007A793D /* Resources */ = {
			isa = PBXGroup;
			children = (
				879410282893BEE5007A793D /* AppDelegate.swift */,
				8794102A2893BEE5007A793D /* SceneDelegate.swift */,
				879410312893BEE6007A793D /* Assets.xcassets */,
			);
			path = Resources;
			sourceTree = "<group>";
		};
		97193C6D881440E12B660775 /* Frameworks */ = {
			isa = PBXGroup;
			children = (
				F49BC5FDABB213C2ABB93A5A /* Pods_Notedy.framework */,
			);
			name = Frameworks;
			sourceTree = "<group>";
		};
/* End PBXGroup section */

/* Begin PBXNativeTarget section */
		879410242893BEE5007A793D /* Notedy */ = {
			isa = PBXNativeTarget;
			buildConfigurationList = 879410392893BEE6007A793D /* Build configuration list for PBXNativeTarget "Notedy" */;
			buildPhases = (
				8ABF3DB3097730C8ED3F7680 /* [CP] Check Pods Manifest.lock */,
				879410212893BEE5007A793D /* Sources */,
				879410222893BEE5007A793D /* Frameworks */,
				879410232893BEE5007A793D /* Resources */,
				080AE6ABDEE249296A3C3AB1 /* [CP] Embed Pods Frameworks */,
			);
			buildRules = (
			);
			dependencies = (
			);
			name = Notedy;
			productName = Notedy;
			productReference = 879410252893BEE5007A793D /* Notedy.app */;
			productType = "com.apple.product-type.application";
		};
/* End PBXNativeTarget section */

/* Begin PBXProject section */
		8794101D2893BEE5007A793D /* Project object */ = {
			isa = PBXProject;
			attributes = {
				BuildIndependentTargetsInParallel = 1;
				LastSwiftUpdateCheck = 1330;
				LastUpgradeCheck = 1330;
				TargetAttributes = {
					879410242893BEE5007A793D = {
						CreatedOnToolsVersion = 13.3;
					};
				};
			};
			buildConfigurationList = 879410202893BEE5007A793D /* Build configuration list for PBXProject "Notedy" */;
			compatibilityVersion = "Xcode 13.0";
			developmentRegion = en;
			hasScannedForEncodings = 0;
			knownRegions = (
				en,
				Base,
			);
			mainGroup = 8794101C2893BEE5007A793D;
			productRefGroup = 879410262893BEE5007A793D /* Products */;
			projectDirPath = "";
			projectRoot = "";
			targets = (
				879410242893BEE5007A793D /* Notedy */,
			);
		};
/* End PBXProject section */

/* Begin PBXResourcesBuildPhase section */
		879410232893BEE5007A793D /* Resources */ = {
			isa = PBXResourcesBuildPhase;
			buildActionMask = 2147483647;
			files = (
				879410352893BEE6007A793D /* LaunchScreen.storyboard in Resources */,
				879410322893BEE6007A793D /* Assets.xcassets in Resources */,
				879410302893BEE5007A793D /* Main.storyboard in Resources */,
			);
			runOnlyForDeploymentPostprocessing = 0;
		};
/* End PBXResourcesBuildPhase section */

/* Begin PBXShellScriptBuildPhase section */
		080AE6ABDEE249296A3C3AB1 /* [CP] Embed Pods Frameworks */ = {
			isa = PBXShellScriptBuildPhase;
			buildActionMask = 2147483647;
			files = (
			);
			inputFileListPaths = (
				"${PODS_ROOT}/Target Support Files/Pods-Notedy/Pods-Notedy-frameworks-${CONFIGURATION}-input-files.xcfilelist",
			);
			name = "[CP] Embed Pods Frameworks";
			outputFileListPaths = (
				"${PODS_ROOT}/Target Support Files/Pods-Notedy/Pods-Notedy-frameworks-${CONFIGURATION}-output-files.xcfilelist",
			);
			runOnlyForDeploymentPostprocessing = 0;
			shellPath = /bin/sh;
			shellScript = "\"${PODS_ROOT}/Target Support Files/Pods-Notedy/Pods-Notedy-frameworks.sh\"\n";
			showEnvVarsInLog = 0;
		};
		8ABF3DB3097730C8ED3F7680 /* [CP] Check Pods Manifest.lock */ = {
			isa = PBXShellScriptBuildPhase;
			buildActionMask = 2147483647;
			files = (
			);
			inputFileListPaths = (
			);
			inputPaths = (
				"${PODS_PODFILE_DIR_PATH}/Podfile.lock",
				"${PODS_ROOT}/Manifest.lock",
			);
			name = "[CP] Check Pods Manifest.lock";
			outputFileListPaths = (
			);
			outputPaths = (
				"$(DERIVED_FILE_DIR)/Pods-Notedy-checkManifestLockResult.txt",
			);
			runOnlyForDeploymentPostprocessing = 0;
			shellPath = /bin/sh;
			shellScript = "diff \"${PODS_PODFILE_DIR_PATH}/Podfile.lock\" \"${PODS_ROOT}/Manifest.lock\" > /dev/null\nif [ $? != 0 ] ; then\n    # print error to STDERR\n    echo \"error: The sandbox is not in sync with the Podfile.lock. Run 'pod install' or update your CocoaPods installation.\" >&2\n    exit 1\nfi\n# This output is used by Xcode 'outputs' to avoid re-running this script phase.\necho \"SUCCESS\" > \"${SCRIPT_OUTPUT_FILE_0}\"\n";
			showEnvVarsInLog = 0;
		};
/* End PBXShellScriptBuildPhase section */

/* Begin PBXSourcesBuildPhase section */
		879410212893BEE5007A793D /* Sources */ = {
			isa = PBXSourcesBuildPhase;
			buildActionMask = 2147483647;
			files = (
				8793E6B5289A3C7A00F4B1C8 /* Activity.swift in Sources */,
				8794102D2893BEE5007A793D /* HomeViewController.swift in Sources */,
				87AF87F9289E2DE400990C9B /* EditActivityViewController.swift in Sources */,
				8754F9DD289503AB0034920A /* NewActivityViewController.swift in Sources */,
				879410292893BEE5007A793D /* AppDelegate.swift in Sources */,
				87A29568289BD36C003A72DD /* ImformationTableViewCell.swift in Sources */,
				879410412893E278007A793D /* ListActivityViewController.swift in Sources */,
				8794102B2893BEE5007A793D /* SceneDelegate.swift in Sources */,
			);
			runOnlyForDeploymentPostprocessing = 0;
		};
/* End PBXSourcesBuildPhase section */

/* Begin PBXVariantGroup section */
		8794102E2893BEE5007A793D /* Main.storyboard */ = {
			isa = PBXVariantGroup;
			children = (
				8794102F2893BEE5007A793D /* Base */,
			);
			name = Main.storyboard;
			sourceTree = "<group>";
		};
		879410332893BEE6007A793D /* LaunchScreen.storyboard */ = {
			isa = PBXVariantGroup;
			children = (
				879410342893BEE6007A793D /* Base */,
			);
			name = LaunchScreen.storyboard;
			sourceTree = "<group>";
		};
/* End PBXVariantGroup section */

/* Begin XCBuildConfiguration section */
		879410372893BEE6007A793D /* Debug */ = {
			isa = XCBuildConfiguration;
			buildSettings = {
				ALWAYS_SEARCH_USER_PATHS = NO;
				CLANG_ANALYZER_NONNULL = YES;
				CLANG_ANALYZER_NUMBER_OBJECT_CONVERSION = YES_AGGRESSIVE;
				CLANG_CXX_LANGUAGE_STANDARD = "gnu++17";
				CLANG_ENABLE_MODULES = YES;
				CLANG_ENABLE_OBJC_ARC = YES;
				CLANG_ENABLE_OBJC_WEAK = YES;
				CLANG_WARN_BLOCK_CAPTURE_AUTORELEASING = YES;
				CLANG_WARN_BOOL_CONVERSION = YES;
				CLANG_WARN_COMMA = YES;
				CLANG_WARN_CONSTANT_CONVERSION = YES;
				CLANG_WARN_DEPRECATED_OBJC_IMPLEMENTATIONS = YES;
				CLANG_WARN_DIRECT_OBJC_ISA_USAGE = YES_ERROR;
				CLANG_WARN_DOCUMENTATION_COMMENTS = YES;
				CLANG_WARN_EMPTY_BODY = YES;
				CLANG_WARN_ENUM_CONVERSION = YES;
				CLANG_WARN_INFINITE_RECURSION = YES;
				CLANG_WARN_INT_CONVERSION = YES;
				CLANG_WARN_NON_LITERAL_NULL_CONVERSION = YES;
				CLANG_WARN_OBJC_IMPLICIT_RETAIN_SELF = YES;
				CLANG_WARN_OBJC_LITERAL_CONVERSION = YES;
				CLANG_WARN_OBJC_ROOT_CLASS = YES_ERROR;
				CLANG_WARN_QUOTED_INCLUDE_IN_FRAMEWORK_HEADER = YES;
				CLANG_WARN_RANGE_LOOP_ANALYSIS = YES;
				CLANG_WARN_STRICT_PROTOTYPES = YES;
				CLANG_WARN_SUSPICIOUS_MOVE = YES;
				CLANG_WARN_UNGUARDED_AVAILABILITY = YES_AGGRESSIVE;
				CLANG_WARN_UNREACHABLE_CODE = YES;
				CLANG_WARN__DUPLICATE_METHOD_MATCH = YES;
				COPY_PHASE_STRIP = NO;
				DEBUG_INFORMATION_FORMAT = dwarf;
				ENABLE_STRICT_OBJC_MSGSEND = YES;
				ENABLE_TESTABILITY = YES;
				GCC_C_LANGUAGE_STANDARD = gnu11;
				GCC_DYNAMIC_NO_PIC = NO;
				GCC_NO_COMMON_BLOCKS = YES;
				GCC_OPTIMIZATION_LEVEL = 0;
				GCC_PREPROCESSOR_DEFINITIONS = (
					"DEBUG=1",
					"$(inherited)",
				);
				GCC_WARN_64_TO_32_BIT_CONVERSION = YES;
				GCC_WARN_ABOUT_RETURN_TYPE = YES_ERROR;
				GCC_WARN_UNDECLARED_SELECTOR = YES;
				GCC_WARN_UNINITIALIZED_AUTOS = YES_AGGRESSIVE;
				GCC_WARN_UNUSED_FUNCTION = YES;
				GCC_WARN_UNUSED_VARIABLE = YES;
				IPHONEOS_DEPLOYMENT_TARGET = 15.4;
				MTL_ENABLE_DEBUG_INFO = INCLUDE_SOURCE;
				MTL_FAST_MATH = YES;
				ONLY_ACTIVE_ARCH = YES;
				SDKROOT = iphoneos;
				SWIFT_ACTIVE_COMPILATION_CONDITIONS = DEBUG;
				SWIFT_OPTIMIZATION_LEVEL = "-Onone";
			};
			name = Debug;
		};
		879410382893BEE6007A793D /* Release */ = {
			isa = XCBuildConfiguration;
			buildSettings = {
				ALWAYS_SEARCH_USER_PATHS = NO;
				CLANG_ANALYZER_NONNULL = YES;
				CLANG_ANALYZER_NUMBER_OBJECT_CONVERSION = YES_AGGRESSIVE;
				CLANG_CXX_LANGUAGE_STANDARD = "gnu++17";
				CLANG_ENABLE_MODULES = YES;
				CLANG_ENABLE_OBJC_ARC = YES;
				CLANG_ENABLE_OBJC_WEAK = YES;
				CLANG_WARN_BLOCK_CAPTURE_AUTORELEASING = YES;
				CLANG_WARN_BOOL_CONVERSION = YES;
				CLANG_WARN_COMMA = YES;
				CLANG_WARN_CONSTANT_CONVERSION = YES;
				CLANG_WARN_DEPRECATED_OBJC_IMPLEMENTATIONS = YES;
				CLANG_WARN_DIRECT_OBJC_ISA_USAGE = YES_ERROR;
				CLANG_WARN_DOCUMENTATION_COMMENTS = YES;
				CLANG_WARN_EMPTY_BODY = YES;
				CLANG_WARN_ENUM_CONVERSION = YES;
				CLANG_WARN_INFINITE_RECURSION = YES;
				CLANG_WARN_INT_CONVERSION = YES;
				CLANG_WARN_NON_LITERAL_NULL_CONVERSION = YES;
				CLANG_WARN_OBJC_IMPLICIT_RETAIN_SELF = YES;
				CLANG_WARN_OBJC_LITERAL_CONVERSION = YES;
				CLANG_WARN_OBJC_ROOT_CLASS = YES_ERROR;
				CLANG_WARN_QUOTED_INCLUDE_IN_FRAMEWORK_HEADER = YES;
				CLANG_WARN_RANGE_LOOP_ANALYSIS = YES;
				CLANG_WARN_STRICT_PROTOTYPES = YES;
				CLANG_WARN_SUSPICIOUS_MOVE = YES;
				CLANG_WARN_UNGUARDED_AVAILABILITY = YES_AGGRESSIVE;
				CLANG_WARN_UNREACHABLE_CODE = YES;
				CLANG_WARN__DUPLICATE_METHOD_MATCH = YES;
				COPY_PHASE_STRIP = NO;
				DEBUG_INFORMATION_FORMAT = "dwarf-with-dsym";
				ENABLE_NS_ASSERTIONS = NO;
				ENABLE_STRICT_OBJC_MSGSEND = YES;
				GCC_C_LANGUAGE_STANDARD = gnu11;
				GCC_NO_COMMON_BLOCKS = YES;
				GCC_WARN_64_TO_32_BIT_CONVERSION = YES;
				GCC_WARN_ABOUT_RETURN_TYPE = YES_ERROR;
				GCC_WARN_UNDECLARED_SELECTOR = YES;
				GCC_WARN_UNINITIALIZED_AUTOS = YES_AGGRESSIVE;
				GCC_WARN_UNUSED_FUNCTION = YES;
				GCC_WARN_UNUSED_VARIABLE = YES;
				IPHONEOS_DEPLOYMENT_TARGET = 15.4;
				MTL_ENABLE_DEBUG_INFO = NO;
				MTL_FAST_MATH = YES;
				SDKROOT = iphoneos;
				SWIFT_COMPILATION_MODE = wholemodule;
				SWIFT_OPTIMIZATION_LEVEL = "-O";
				VALIDATE_PRODUCT = YES;
			};
			name = Release;
		};
		8794103A2893BEE6007A793D /* Debug */ = {
			isa = XCBuildConfiguration;
			baseConfigurationReference = B29F3FA5533EC9E1C2FC9FCC /* Pods-Notedy.debug.xcconfig */;
			buildSettings = {
				ASSETCATALOG_COMPILER_APPICON_NAME = AppIcon;
				ASSETCATALOG_COMPILER_GLOBAL_ACCENT_COLOR_NAME = AccentColor;
				CODE_SIGN_STYLE = Automatic;
				CURRENT_PROJECT_VERSION = 1;
				DEVELOPMENT_TEAM = Y9H897VKWQ;
				GENERATE_INFOPLIST_FILE = YES;
				INFOPLIST_FILE = Notedy/Info.plist;
				INFOPLIST_KEY_UIApplicationSupportsIndirectInputEvents = YES;
				INFOPLIST_KEY_UILaunchStoryboardName = LaunchScreen;
				INFOPLIST_KEY_UIMainStoryboardFile = Main;
				INFOPLIST_KEY_UISupportedInterfaceOrientations_iPad = "UIInterfaceOrientationPortrait UIInterfaceOrientationPortraitUpsideDown UIInterfaceOrientationLandscapeLeft UIInterfaceOrientationLandscapeRight";
				INFOPLIST_KEY_UISupportedInterfaceOrientations_iPhone = "UIInterfaceOrientationPortrait UIInterfaceOrientationLandscapeLeft UIInterfaceOrientationLandscapeRight";
				LD_RUNPATH_SEARCH_PATHS = (
					"$(inherited)",
					"@executable_path/Frameworks",
				);
				MARKETING_VERSION = 1.0;
				PRODUCT_BUNDLE_IDENTIFIER = "co-nuntapath.Notedy";
				PRODUCT_NAME = "$(TARGET_NAME)";
				SWIFT_EMIT_LOC_STRINGS = YES;
				SWIFT_VERSION = 5.0;
				TARGETED_DEVICE_FAMILY = "1,2";
			};
			name = Debug;
		};
		8794103B2893BEE6007A793D /* Release */ = {
			isa = XCBuildConfiguration;
			baseConfigurationReference = 12C404EE2114742A101E173E /* Pods-Notedy.release.xcconfig */;
			buildSettings = {
				ASSETCATALOG_COMPILER_APPICON_NAME = AppIcon;
				ASSETCATALOG_COMPILER_GLOBAL_ACCENT_COLOR_NAME = AccentColor;
				CODE_SIGN_STYLE = Automatic;
				CURRENT_PROJECT_VERSION = 1;
				DEVELOPMENT_TEAM = Y9H897VKWQ;
				GENERATE_INFOPLIST_FILE = YES;
				INFOPLIST_FILE = Notedy/Info.plist;
				INFOPLIST_KEY_UIApplicationSupportsIndirectInputEvents = YES;
				INFOPLIST_KEY_UILaunchStoryboardName = LaunchScreen;
				INFOPLIST_KEY_UIMainStoryboardFile = Main;
				INFOPLIST_KEY_UISupportedInterfaceOrientations_iPad = "UIInterfaceOrientationPortrait UIInterfaceOrientationPortraitUpsideDown UIInterfaceOrientationLandscapeLeft UIInterfaceOrientationLandscapeRight";
				INFOPLIST_KEY_UISupportedInterfaceOrientations_iPhone = "UIInterfaceOrientationPortrait UIInterfaceOrientationLandscapeLeft UIInterfaceOrientationLandscapeRight";
				LD_RUNPATH_SEARCH_PATHS = (
					"$(inherited)",
					"@executable_path/Frameworks",
				);
				MARKETING_VERSION = 1.0;
				PRODUCT_BUNDLE_IDENTIFIER = "co-nuntapath.Notedy";
				PRODUCT_NAME = "$(TARGET_NAME)";
				SWIFT_EMIT_LOC_STRINGS = YES;
				SWIFT_VERSION = 5.0;
				TARGETED_DEVICE_FAMILY = "1,2";
			};
			name = Release;
		};
/* End XCBuildConfiguration section */

/* Begin XCConfigurationList section */
		879410202893BEE5007A793D /* Build configuration list for PBXProject "Notedy" */ = {
			isa = XCConfigurationList;
			buildConfigurations = (
				879410372893BEE6007A793D /* Debug */,
				879410382893BEE6007A793D /* Release */,
			);
			defaultConfigurationIsVisible = 0;
			defaultConfigurationName = Release;
		};
		879410392893BEE6007A793D /* Build configuration list for PBXNativeTarget "Notedy" */ = {
			isa = XCConfigurationList;
			buildConfigurations = (
				8794103A2893BEE6007A793D /* Debug */,
				8794103B2893BEE6007A793D /* Release */,
			);
			defaultConfigurationIsVisible = 0;
			defaultConfigurationName = Release;
		};
/* End XCConfigurationList section */
	};
	rootObject = 8794101D2893BEE5007A793D /* Project object */;
}
